
Microsoft Visual Studio Solution File, Format Version 12.00
# Visual Studio Version 17
VisualStudioVersion = 17.4.33403.182
MinimumVisualStudioVersion = 10.0.40219.1
Project("{FAE04EC0-301F-11D3-BF4B-00C04F79EFBC}") = "CounterTask", "CounterTask\CounterTask.csproj", "{7602157D-8073-433C-B207-ADE00D33100E}"
EndProject
Global
	GlobalSection(SolutionConfigurationPlatforms) = preSolution
		Debug|Any CPU = Debug|Any CPU
		Release|Any CPU = Release|Any CPU
	EndGlobalSection
	GlobalSection(ProjectConfigurationPlatforms) = postSolution
		{7602157D-8073-433C-B207-ADE00D33100E}.Debug|Any CPU.ActiveCfg = Debug|Any CPU
		{7602157D-8073-433C-B207-ADE00D33100E}.Debug|Any CPU.Build.0 = Debug|Any CPU
		{7602157D-8073-433C-B207-ADE00D33100E}.Release|Any CPU.ActiveCfg = Release|Any CPU
		{7602157D-8073-433C-B207-ADE00D33100E}.Release|Any CPU.Build.0 = Release|Any CPU
	EndGlobalSection
	GlobalSection(SolutionProperties) = preSolution
		HideSolutionNode = FALSE
	EndGlobalSection
	GlobalSection(ExtensibilityGlobals) = postSolution
		SolutionGuid = {E1F1170B-D55F-4420-971A-6B70039BB9A7}
	EndGlobalSection
EndGlobal
