
Microsoft Visual Studio Solution File, Format Version 12.00
# Visual Studio Version 17
VisualStudioVersion = 17.4.33403.182
MinimumVisualStudioVersion = 10.0.40219.1
Project("{9A19103F-16F7-4668-BE54-9A1E7A4F7556}") = "ShapeDrawer", "ShapeDrawer.csproj", "{A6183CC5-7E83-4094-A28E-A0F5BE90021E}"
EndProject
Global
	GlobalSection(SolutionConfigurationPlatforms) = preSolution
		Debug|Any CPU = Debug|Any CPU
		Release|Any CPU = Release|Any CPU
	EndGlobalSection
	GlobalSection(ProjectConfigurationPlatforms) = postSolution
		{A6183CC5-7E83-4094-A28E-A0F5BE90021E}.Debug|Any CPU.ActiveCfg = Debug|Any CPU
		{A6183CC5-7E83-4094-A28E-A0F5BE90021E}.Debug|Any CPU.Build.0 = Debug|Any CPU
		{A6183CC5-7E83-4094-A28E-A0F5BE90021E}.Release|Any CPU.ActiveCfg = Release|Any CPU
		{A6183CC5-7E83-4094-A28E-A0F5BE90021E}.Release|Any CPU.Build.0 = Release|Any CPU
	EndGlobalSection
	GlobalSection(SolutionProperties) = preSolution
		HideSolutionNode = FALSE
	EndGlobalSection
	GlobalSection(ExtensibilityGlobals) = postSolution
		SolutionGuid = {0A92FCBF-1DAD-4BED-B775-AE9F722993EB}
	EndGlobalSection
EndGlobal
