
Microsoft Visual Studio Solution File, Format Version 12.00
# Visual Studio Version 17
VisualStudioVersion = 17.4.33403.182
MinimumVisualStudioVersion = 10.0.40219.1
Project("{9A19103F-16F7-4668-BE54-9A1E7A4F7556}") = "ShapeDrawer", "ShapeDrawer.csproj", "{ACCBCF28-94FC-4ABA-BD9E-9EA1C1DCFC13}"
EndProject
Global
	GlobalSection(SolutionConfigurationPlatforms) = preSolution
		Debug|Any CPU = Debug|Any CPU
		Release|Any CPU = Release|Any CPU
	EndGlobalSection
	GlobalSection(ProjectConfigurationPlatforms) = postSolution
		{ACCBCF28-94FC-4ABA-BD9E-9EA1C1DCFC13}.Debug|Any CPU.ActiveCfg = Debug|Any CPU
		{ACCBCF28-94FC-4ABA-BD9E-9EA1C1DCFC13}.Debug|Any CPU.Build.0 = Debug|Any CPU
		{ACCBCF28-94FC-4ABA-BD9E-9EA1C1DCFC13}.Release|Any CPU.ActiveCfg = Release|Any CPU
		{ACCBCF28-94FC-4ABA-BD9E-9EA1C1DCFC13}.Release|Any CPU.Build.0 = Release|Any CPU
	EndGlobalSection
	GlobalSection(SolutionProperties) = preSolution
		HideSolutionNode = FALSE
	EndGlobalSection
	GlobalSection(ExtensibilityGlobals) = postSolution
		SolutionGuid = {CB389CCC-6F83-42D4-8564-EF1BC8C22D21}
	EndGlobalSection
EndGlobal
