
Microsoft Visual Studio Solution File, Format Version 12.00
# Visual Studio Version 17
VisualStudioVersion = 17.4.33403.182
MinimumVisualStudioVersion = 10.0.40219.1
Project("{9A19103F-16F7-4668-BE54-9A1E7A4F7556}") = "Check_in", "Check-in\Check_in.csproj", "{D1413999-268A-458D-9E84-45CB3683E24C}"
EndProject
Project("{FAE04EC0-301F-11D3-BF4B-00C04F79EFBC}") = "TestProject1", "TestProject1\TestProject1.csproj", "{EEAE9EF9-71B2-4C8C-9E40-B02B404651B0}"
EndProject
Global
	GlobalSection(SolutionConfigurationPlatforms) = preSolution
		Debug|Any CPU = Debug|Any CPU
		Release|Any CPU = Release|Any CPU
	EndGlobalSection
	GlobalSection(ProjectConfigurationPlatforms) = postSolution
		{D1413999-268A-458D-9E84-45CB3683E24C}.Debug|Any CPU.ActiveCfg = Debug|Any CPU
		{D1413999-268A-458D-9E84-45CB3683E24C}.Debug|Any CPU.Build.0 = Debug|Any CPU
		{D1413999-268A-458D-9E84-45CB3683E24C}.Release|Any CPU.ActiveCfg = Release|Any CPU
		{D1413999-268A-458D-9E84-45CB3683E24C}.Release|Any CPU.Build.0 = Release|Any CPU
		{EEAE9EF9-71B2-4C8C-9E40-B02B404651B0}.Debug|Any CPU.ActiveCfg = Debug|Any CPU
		{EEAE9EF9-71B2-4C8C-9E40-B02B404651B0}.Debug|Any CPU.Build.0 = Debug|Any CPU
		{EEAE9EF9-71B2-4C8C-9E40-B02B404651B0}.Release|Any CPU.ActiveCfg = Release|Any CPU
		{EEAE9EF9-71B2-4C8C-9E40-B02B404651B0}.Release|Any CPU.Build.0 = Release|Any CPU
	EndGlobalSection
	GlobalSection(SolutionProperties) = preSolution
		HideSolutionNode = FALSE
	EndGlobalSection
	GlobalSection(ExtensibilityGlobals) = postSolution
		SolutionGuid = {6EBCAFC4-E3C3-425D-90D9-11C0F96CE409}
	EndGlobalSection
EndGlobal
