
Microsoft Visual Studio Solution File, Format Version 12.00
# Visual Studio Version 17
VisualStudioVersion = 17.4.33403.182
MinimumVisualStudioVersion = 10.0.40219.1
Project("{9A19103F-16F7-4668-BE54-9A1E7A4F7556}") = "SwinAdventure", "Swin-Adventure\SwinAdventure.csproj", "{04A47F1B-2ABC-46F8-B4CB-DD8A96FD9218}"
EndProject
Project("{9A19103F-16F7-4668-BE54-9A1E7A4F7556}") = "TestProject1", "TestProject1\TestProject1.csproj", "{7C92431D-155D-4809-87ED-40EF1831F8C6}"
EndProject
Global
	GlobalSection(SolutionConfigurationPlatforms) = preSolution
		Debug|Any CPU = Debug|Any CPU
		Release|Any CPU = Release|Any CPU
	EndGlobalSection
	GlobalSection(ProjectConfigurationPlatforms) = postSolution
		{04A47F1B-2ABC-46F8-B4CB-DD8A96FD9218}.Debug|Any CPU.ActiveCfg = Debug|Any CPU
		{04A47F1B-2ABC-46F8-B4CB-DD8A96FD9218}.Debug|Any CPU.Build.0 = Debug|Any CPU
		{04A47F1B-2ABC-46F8-B4CB-DD8A96FD9218}.Release|Any CPU.ActiveCfg = Release|Any CPU
		{04A47F1B-2ABC-46F8-B4CB-DD8A96FD9218}.Release|Any CPU.Build.0 = Release|Any CPU
		{7C92431D-155D-4809-87ED-40EF1831F8C6}.Debug|Any CPU.ActiveCfg = Debug|Any CPU
		{7C92431D-155D-4809-87ED-40EF1831F8C6}.Debug|Any CPU.Build.0 = Debug|Any CPU
		{7C92431D-155D-4809-87ED-40EF1831F8C6}.Release|Any CPU.ActiveCfg = Release|Any CPU
		{7C92431D-155D-4809-87ED-40EF1831F8C6}.Release|Any CPU.Build.0 = Release|Any CPU
	EndGlobalSection
	GlobalSection(SolutionProperties) = preSolution
		HideSolutionNode = FALSE
	EndGlobalSection
	GlobalSection(ExtensibilityGlobals) = postSolution
		SolutionGuid = {81ED1A6A-7D92-4F63-9A46-F1A02403F98C}
	EndGlobalSection
EndGlobal
